
Microsoft Visual Studio Solution File, Format Version 12.00
# Visual Studio Version 17
VisualStudioVersion = 17.4.33801.306
MinimumVisualStudioVersion = 10.0.40219.1
Project("{9A19103F-16F7-4668-BE54-9A1E7A4F7556}") = "PruebaAmaris", "PruebaAmaris\PruebaAmaris.csproj", "{BD40BDF1-C6A8-47C1-B790-A071D3F27EFA}"
EndProject
Project("{9A19103F-16F7-4668-BE54-9A1E7A4F7556}") = "DAL", "DAL\DAL.csproj", "{C09458A3-228C-447C-A03B-069F81B2AED7}"
EndProject
Project("{9A19103F-16F7-4668-BE54-9A1E7A4F7556}") = "Entities", "Entities\Entities.csproj", "{CD691719-C4D6-4766-81C0-5E430EB7BD93}"
EndProject
Project("{FAE04EC0-301F-11D3-BF4B-00C04F79EFBC}") = "Services", "Services\Services.csproj", "{7873AE7A-6F31-4606-A6F9-4A7C6A23EC24}"
EndProject
Global
	GlobalSection(SolutionConfigurationPlatforms) = preSolution
		Debug|Any CPU = Debug|Any CPU
		Release|Any CPU = Release|Any CPU
	EndGlobalSection
	GlobalSection(ProjectConfigurationPlatforms) = postSolution
		{BD40BDF1-C6A8-47C1-B790-A071D3F27EFA}.Debug|Any CPU.ActiveCfg = Debug|Any CPU
		{BD40BDF1-C6A8-47C1-B790-A071D3F27EFA}.Debug|Any CPU.Build.0 = Debug|Any CPU
		{BD40BDF1-C6A8-47C1-B790-A071D3F27EFA}.Release|Any CPU.ActiveCfg = Release|Any CPU
		{BD40BDF1-C6A8-47C1-B790-A071D3F27EFA}.Release|Any CPU.Build.0 = Release|Any CPU
		{C09458A3-228C-447C-A03B-069F81B2AED7}.Debug|Any CPU.ActiveCfg = Debug|Any CPU
		{C09458A3-228C-447C-A03B-069F81B2AED7}.Debug|Any CPU.Build.0 = Debug|Any CPU
		{C09458A3-228C-447C-A03B-069F81B2AED7}.Release|Any CPU.ActiveCfg = Release|Any CPU
		{C09458A3-228C-447C-A03B-069F81B2AED7}.Release|Any CPU.Build.0 = Release|Any CPU
		{CD691719-C4D6-4766-81C0-5E430EB7BD93}.Debug|Any CPU.ActiveCfg = Debug|Any CPU
		{CD691719-C4D6-4766-81C0-5E430EB7BD93}.Debug|Any CPU.Build.0 = Debug|Any CPU
		{CD691719-C4D6-4766-81C0-5E430EB7BD93}.Release|Any CPU.ActiveCfg = Release|Any CPU
		{CD691719-C4D6-4766-81C0-5E430EB7BD93}.Release|Any CPU.Build.0 = Release|Any CPU
		{7873AE7A-6F31-4606-A6F9-4A7C6A23EC24}.Debug|Any CPU.ActiveCfg = Debug|Any CPU
		{7873AE7A-6F31-4606-A6F9-4A7C6A23EC24}.Debug|Any CPU.Build.0 = Debug|Any CPU
		{7873AE7A-6F31-4606-A6F9-4A7C6A23EC24}.Release|Any CPU.ActiveCfg = Release|Any CPU
		{7873AE7A-6F31-4606-A6F9-4A7C6A23EC24}.Release|Any CPU.Build.0 = Release|Any CPU
	EndGlobalSection
	GlobalSection(SolutionProperties) = preSolution
		HideSolutionNode = FALSE
	EndGlobalSection
	GlobalSection(ExtensibilityGlobals) = postSolution
		SolutionGuid = {A194A39C-AF5D-460D-8A08-0EFC7DBE7128}
	EndGlobalSection
EndGlobal
